
Microsoft Visual Studio Solution File, Format Version 12.00
# Visual Studio Version 17
VisualStudioVersion = 17.4.33213.308
MinimumVisualStudioVersion = 10.0.40219.1
Project("{9A19103F-16F7-4668-BE54-9A1E7A4F7556}") = "Module10", "Module10\Module10.csproj", "{9E1187C2-A0EF-4B67-AF18-B6B17667D412}"
EndProject
Project("{FAE04EC0-301F-11D3-BF4B-00C04F79EFBC}") = "Task1044", "Task1044\Task1044.csproj", "{586A8BB9-3D1A-4BA7-876A-EB4AEDBA0A39}"
EndProject
Project("{FAE04EC0-301F-11D3-BF4B-00C04F79EFBC}") = "Practicum", "Practicum\Practicum.csproj", "{2E05FB90-AF90-402E-A592-3174D659FEC4}"
EndProject
Global
	GlobalSection(SolutionConfigurationPlatforms) = preSolution
		Debug|Any CPU = Debug|Any CPU
		Release|Any CPU = Release|Any CPU
	EndGlobalSection
	GlobalSection(ProjectConfigurationPlatforms) = postSolution
		{9E1187C2-A0EF-4B67-AF18-B6B17667D412}.Debug|Any CPU.ActiveCfg = Debug|Any CPU
		{9E1187C2-A0EF-4B67-AF18-B6B17667D412}.Debug|Any CPU.Build.0 = Debug|Any CPU
		{9E1187C2-A0EF-4B67-AF18-B6B17667D412}.Release|Any CPU.ActiveCfg = Release|Any CPU
		{9E1187C2-A0EF-4B67-AF18-B6B17667D412}.Release|Any CPU.Build.0 = Release|Any CPU
		{586A8BB9-3D1A-4BA7-876A-EB4AEDBA0A39}.Debug|Any CPU.ActiveCfg = Debug|Any CPU
		{586A8BB9-3D1A-4BA7-876A-EB4AEDBA0A39}.Debug|Any CPU.Build.0 = Debug|Any CPU
		{586A8BB9-3D1A-4BA7-876A-EB4AEDBA0A39}.Release|Any CPU.ActiveCfg = Release|Any CPU
		{586A8BB9-3D1A-4BA7-876A-EB4AEDBA0A39}.Release|Any CPU.Build.0 = Release|Any CPU
		{2E05FB90-AF90-402E-A592-3174D659FEC4}.Debug|Any CPU.ActiveCfg = Debug|Any CPU
		{2E05FB90-AF90-402E-A592-3174D659FEC4}.Debug|Any CPU.Build.0 = Debug|Any CPU
		{2E05FB90-AF90-402E-A592-3174D659FEC4}.Release|Any CPU.ActiveCfg = Release|Any CPU
		{2E05FB90-AF90-402E-A592-3174D659FEC4}.Release|Any CPU.Build.0 = Release|Any CPU
	EndGlobalSection
	GlobalSection(SolutionProperties) = preSolution
		HideSolutionNode = FALSE
	EndGlobalSection
	GlobalSection(ExtensibilityGlobals) = postSolution
		SolutionGuid = {A398C4FF-0EAD-4F47-97B8-AC2C4AB2B26C}
	EndGlobalSection
EndGlobal
